
Microsoft Visual Studio Solution File, Format Version 12.00
# Visual Studio Version 17
VisualStudioVersion = 17.4.33213.308
MinimumVisualStudioVersion = 10.0.40219.1
Project("{FAE04EC0-301F-11D3-BF4B-00C04F79EFBC}") = "Anket", "Anket\Anket.csproj", "{49766F8C-22B6-4813-ACBD-1BE9DE80F4A4}"
EndProject
Global
	GlobalSection(SolutionConfigurationPlatforms) = preSolution
		Debug|Any CPU = Debug|Any CPU
		Release|Any CPU = Release|Any CPU
	EndGlobalSection
	GlobalSection(ProjectConfigurationPlatforms) = postSolution
		{49766F8C-22B6-4813-ACBD-1BE9DE80F4A4}.Debug|Any CPU.ActiveCfg = Debug|Any CPU
		{49766F8C-22B6-4813-ACBD-1BE9DE80F4A4}.Debug|Any CPU.Build.0 = Debug|Any CPU
		{49766F8C-22B6-4813-ACBD-1BE9DE80F4A4}.Release|Any CPU.ActiveCfg = Release|Any CPU
		{49766F8C-22B6-4813-ACBD-1BE9DE80F4A4}.Release|Any CPU.Build.0 = Release|Any CPU
	EndGlobalSection
	GlobalSection(SolutionProperties) = preSolution
		HideSolutionNode = FALSE
	EndGlobalSection
	GlobalSection(ExtensibilityGlobals) = postSolution
		SolutionGuid = {57FEAF51-8A40-40AD-A928-D668C378E4A3}
	EndGlobalSection
EndGlobal
